{
  "name": "slack-inviter",
  "version": "1.0.0",
  "lockfileVersion": 1,
  "requires": true,
  "dependencies": {
    "dotenv": {
      "version": "8.1.0",
      "resolved": "https://registry.npmjs.org/dotenv/-/dotenv-8.1.0.tgz",
      "integrity": "sha512-GUE3gqcDCaMltj2++g6bRQ5rBJWtkWTmqmD0fo1RnnMuUqHNCt2oTPeDnS9n6fKYvlhn7AeBkb38lymBtWBQdA==",
      "dev": true
    },
    "mock-req": {
      "version": "0.2.0",
      "resolved": "https://registry.npmjs.org/mock-req/-/mock-req-0.2.0.tgz",
      "integrity": "sha1-dJRGgE0sAGFpNC7nvmu6HP/VNMI=",
      "dev": true
    },
    "mock-res": {
      "version": "0.5.0",
      "resolved": "https://registry.npmjs.org/mock-res/-/mock-res-0.5.0.tgz",
      "integrity": "sha1-mDaL6wnfdT9k9m2U5VNql7NqJDA=",
      "dev": true
    }
  }
}
